{
  "nodes": {
    "home-manager": {
      "inputs": {
        "nixpkgs": [
          "nixpkgs"
        ]
      },
      "locked": {
        "lastModified": 1715381426,
        "narHash": "sha256-wPuqrAQGdv3ISs74nJfGb+Yprm23U/rFpcHFFNWgM94=",
        "owner": "nix-community",
        "repo": "home-manager",
        "rev": "ab5542e9dbd13d0100f8baae2bc2d68af901f4b4",
        "type": "github"
      },
      "original": {
        "owner": "nix-community",
        "ref": "release-23.11",
        "repo": "home-manager",
        "type": "github"
      }
    },
    "hyprcursor": {
      "inputs": {
        "hyprlang": [
          "hyprland",
          "hyprlang"
        ],
        "nixpkgs": [
          "hyprland",
          "nixpkgs"
        ],
        "systems": [
          "hyprland",
          "systems"
        ]
      },
      "locked": {
        "lastModified": 1715791817,
        "narHash": "sha256-J069Uhv/gCMFLX1dSh2f+9ZTM09r1Nv3oUfocCnWKow=",
        "owner": "hyprwm",
        "repo": "hyprcursor",
        "rev": "7c3aa03dffb53921e583ade3d4ae3f487e390e7e",
        "type": "github"
      },
      "original": {
        "owner": "hyprwm",
        "repo": "hyprcursor",
        "type": "github"
      }
    },
    "hyprland": {
      "inputs": {
        "hyprcursor": "hyprcursor",
        "hyprlang": "hyprlang",
        "hyprwayland-scanner": "hyprwayland-scanner",
        "nixpkgs": "nixpkgs",
        "systems": "systems",
        "xdph": "xdph"
      },
      "locked": {
        "lastModified": 1716410236,
        "narHash": "sha256-2zKY5wNPusB/2/fWYtw0QvkpKorBXRMY7M1xC9SjCOU=",
        "owner": "hyprwm",
        "repo": "Hyprland",
        "rev": "3775776a07dc54347dd0859c7b6fc63aa3a4c7fd",
        "type": "github"
      },
      "original": {
        "owner": "hyprwm",
        "repo": "Hyprland",
        "type": "github"
      }
    },
    "hyprland-plugins": {
      "inputs": {
        "hyprland": [
          "hyprland"
        ],
        "systems": [
          "hyprland-plugins",
          "hyprland",
          "systems"
        ]
      },
      "locked": {
        "lastModified": 1715722806,
        "narHash": "sha256-KrSLG2H3KGELxTFdiBhv8U6D53Q3UsJsQO+KgEabsNA=",
        "owner": "hyprwm",
        "repo": "hyprland-plugins",
        "rev": "c28d1011f4868c1a1ee80b10d9ee79900686df82",
        "type": "github"
      },
      "original": {
        "owner": "hyprwm",
        "repo": "hyprland-plugins",
        "type": "github"
      }
    },
    "hyprland-protocols": {
      "inputs": {
        "nixpkgs": [
          "hyprland",
          "xdph",
          "nixpkgs"
        ],
        "systems": [
          "hyprland",
          "xdph",
          "systems"
        ]
      },
      "locked": {
        "lastModified": 1691753796,
        "narHash": "sha256-zOEwiWoXk3j3+EoF3ySUJmberFewWlagvewDRuWYAso=",
        "owner": "hyprwm",
        "repo": "hyprland-protocols",
        "rev": "0c2ce70625cb30aef199cb388f99e19a61a6ce03",
        "type": "github"
      },
      "original": {
        "owner": "hyprwm",
        "repo": "hyprland-protocols",
        "type": "github"
      }
    },
    "hyprlang": {
      "inputs": {
        "nixpkgs": [
          "hyprland",
          "nixpkgs"
        ],
        "systems": [
          "hyprland",
          "systems"
        ]
      },
      "locked": {
        "lastModified": 1715791527,
        "narHash": "sha256-HhQ4zvGHrRjR63ltySSeg+x+0jb0lepiutWdnFhLRoo=",
        "owner": "hyprwm",
        "repo": "hyprlang",
        "rev": "969cb076e5b76f2e823aeca1937a3e1f159812ee",
        "type": "github"
      },
      "original": {
        "owner": "hyprwm",
        "repo": "hyprlang",
        "type": "github"
      }
    },
    "hyprwayland-scanner": {
      "inputs": {
        "nixpkgs": [
          "hyprland",
          "nixpkgs"
        ],
        "systems": [
          "hyprland",
          "systems"
        ]
      },
      "locked": {
        "lastModified": 1716058375,
        "narHash": "sha256-CwjWoVnBZE5SBpRx9dgSQGCr4Goxyfcyv3zZbOhVqzk=",
        "owner": "hyprwm",
        "repo": "hyprwayland-scanner",
        "rev": "3afed4364790aebe0426077631af1e164a9650cc",
        "type": "github"
      },
      "original": {
        "owner": "hyprwm",
        "repo": "hyprwayland-scanner",
        "type": "github"
      }
    },
    "nixos-hardware": {
      "locked": {
        "lastModified": 1716173274,
        "narHash": "sha256-FC21Bn4m6ctajMjiUof30awPBH/7WjD0M5yqrWepZbY=",
        "owner": "NixOS",
        "repo": "nixos-hardware",
        "rev": "d9e0b26202fd500cf3e79f73653cce7f7d541191",
        "type": "github"
      },
      "original": {
        "owner": "NixOS",
        "ref": "master",
        "repo": "nixos-hardware",
        "type": "github"
      }
    },
    "nixpkgs": {
      "locked": {
        "lastModified": 1716137900,
        "narHash": "sha256-sowPU+tLQv8GlqtVtsXioTKeaQvlMz/pefcdwg8MvfM=",
        "owner": "NixOS",
        "repo": "nixpkgs",
        "rev": "6c0b7a92c30122196a761b440ac0d46d3d9954f1",
        "type": "github"
      },
      "original": {
        "owner": "NixOS",
        "ref": "nixos-unstable",
        "repo": "nixpkgs",
        "type": "github"
      }
    },
    "nixpkgs_2": {
      "locked": {
        "lastModified": 1716218643,
        "narHash": "sha256-i/E7gzQybvcGAYDRGDl39WL6yVk30Je/NXypBz6/nmM=",
        "owner": "NixOS",
        "repo": "nixpkgs",
        "rev": "a8695cbd09a7ecf3376bd62c798b9864d20f86ee",
        "type": "github"
      },
      "original": {
        "owner": "NixOS",
        "ref": "nixos-23.11",
        "repo": "nixpkgs",
        "type": "github"
      }
    },
    "root": {
      "inputs": {
        "home-manager": "home-manager",
        "hyprland": "hyprland",
        "hyprland-plugins": "hyprland-plugins",
        "nixos-hardware": "nixos-hardware",
        "nixpkgs": "nixpkgs_2"
      }
    },
    "systems": {
      "locked": {
        "lastModified": 1689347949,
        "narHash": "sha256-12tWmuL2zgBgZkdoB6qXZsgJEH9LR3oUgpaQq2RbI80=",
        "owner": "nix-systems",
        "repo": "default-linux",
        "rev": "31732fcf5e8fea42e59c2488ad31a0e651500f68",
        "type": "github"
      },
      "original": {
        "owner": "nix-systems",
        "repo": "default-linux",
        "type": "github"
      }
    },
    "xdph": {
      "inputs": {
        "hyprland-protocols": "hyprland-protocols",
        "hyprlang": [
          "hyprland",
          "hyprlang"
        ],
        "nixpkgs": [
          "hyprland",
          "nixpkgs"
        ],
        "systems": [
          "hyprland",
          "systems"
        ]
      },
      "locked": {
        "lastModified": 1716290197,
        "narHash": "sha256-1u9Exrc7yx9qtES2brDh7/DDZ8w8ap1nboIOAtCgeuM=",
        "owner": "hyprwm",
        "repo": "xdg-desktop-portal-hyprland",
        "rev": "91e48d6acd8a5a611d26f925e51559ab743bc438",
        "type": "github"
      },
      "original": {
        "owner": "hyprwm",
        "repo": "xdg-desktop-portal-hyprland",
        "type": "github"
      }
    }
  },
  "root": "root",
  "version": 7
}
